
Microsoft Visual Studio Solution File, Format Version 12.00
# Visual Studio Version 17
VisualStudioVersion = 17.13.35825.156 d17.13
MinimumVisualStudioVersion = 10.0.40219.1
Project("{FAE04EC0-301F-11D3-BF4B-00C04F79EFBC}") = "3_lesson", "3_lesson\3_lesson.csproj", "{3EF7747F-5D88-42A9-97A2-8D7870AA6931}"
EndProject
Global
	GlobalSection(SolutionConfigurationPlatforms) = preSolution
		Debug|Any CPU = Debug|Any CPU
		Release|Any CPU = Release|Any CPU
	EndGlobalSection
	GlobalSection(ProjectConfigurationPlatforms) = postSolution
		{3EF7747F-5D88-42A9-97A2-8D7870AA6931}.Debug|Any CPU.ActiveCfg = Debug|Any CPU
		{3EF7747F-5D88-42A9-97A2-8D7870AA6931}.Debug|Any CPU.Build.0 = Debug|Any CPU
		{3EF7747F-5D88-42A9-97A2-8D7870AA6931}.Release|Any CPU.ActiveCfg = Release|Any CPU
		{3EF7747F-5D88-42A9-97A2-8D7870AA6931}.Release|Any CPU.Build.0 = Release|Any CPU
	EndGlobalSection
	GlobalSection(SolutionProperties) = preSolution
		HideSolutionNode = FALSE
	EndGlobalSection
	GlobalSection(ExtensibilityGlobals) = postSolution
		SolutionGuid = {3DD9C401-09F0-46D9-A51C-32B3FB55A726}
	EndGlobalSection
EndGlobal
